{
  "version": 4,
  "terraform_version": "1.9.5",
  "serial": 3,
  "lineage": "6e916f4a-511c-4a2f-7b38-8b3439aa6aa0",
  "outputs": {
    "vpcid": {
      "value": "vpc-006aa836079804394",
      "type": "string"
    }
  },
  "resources": [
    {
      "mode": "managed",
      "type": "aws_vpc",
      "name": "myvpc",
      "provider": "provider[\"registry.terraform.io/hashicorp/aws\"]",
      "instances": [
        {
          "schema_version": 1,
          "attributes": {
            "arn": "arn:aws:ec2:eu-west-2:315468868369:vpc/vpc-006aa836079804394",
            "assign_generated_ipv6_cidr_block": false,
            "cidr_block": "10.0.0.0/16",
            "default_network_acl_id": "acl-0c4512a35dfa9c20d",
            "default_route_table_id": "rtb-0be23b745bbf422dc",
            "default_security_group_id": "sg-05d9bdd0ef1454ef6",
            "dhcp_options_id": "dopt-07ef479896bbca3b2",
            "enable_dns_hostnames": false,
            "enable_dns_support": true,
            "enable_network_address_usage_metrics": false,
            "id": "vpc-006aa836079804394",
            "instance_tenancy": "default",
            "ipv4_ipam_pool_id": null,
            "ipv4_netmask_length": null,
            "ipv6_association_id": "",
            "ipv6_cidr_block": "",
            "ipv6_cidr_block_network_border_group": "",
            "ipv6_ipam_pool_id": "",
            "ipv6_netmask_length": 0,
            "main_route_table_id": "rtb-0be23b745bbf422dc",
            "owner_id": "315468868369",
            "tags": {
              "Name": "inputtest"
            },
            "tags_all": {
              "Name": "inputtest"
            }
          },
          "sensitive_attributes": [],
          "private": "eyJzY2hlbWFfdmVyc2lvbiI6IjEifQ=="
        }
      ]
    }
  ],
  "check_results": null
}
