{
  "version": 4,
  "terraform_version": "1.9.5",
  "serial": 2,
  "lineage": "4587dc13-903e-71ed-cd94-083d701ea925",
  "outputs": {
    "vpcid": {
      "value": "vpc-0878dc4efa80b5241",
      "type": "string"
    }
  },
  "resources": [
    {
      "mode": "managed",
      "type": "aws_vpc",
      "name": "TerraformVPc",
      "provider": "provider[\"registry.terraform.io/hashicorp/aws\"]",
      "instances": [
        {
          "schema_version": 1,
          "attributes": {
            "arn": "arn:aws:ec2:eu-north-1:315468868369:vpc/vpc-0878dc4efa80b5241",
            "assign_generated_ipv6_cidr_block": false,
            "cidr_block": "192.168.0.0/24",
            "default_network_acl_id": "acl-06df42402fd15e4e4",
            "default_route_table_id": "rtb-0aa6b554fc9cad901",
            "default_security_group_id": "sg-093622d36ffbe1884",
            "dhcp_options_id": "dopt-0de964115eaabdcf9",
            "enable_dns_hostnames": false,
            "enable_dns_support": true,
            "enable_network_address_usage_metrics": false,
            "id": "vpc-0878dc4efa80b5241",
            "instance_tenancy": "default",
            "ipv4_ipam_pool_id": null,
            "ipv4_netmask_length": null,
            "ipv6_association_id": "",
            "ipv6_cidr_block": "",
            "ipv6_cidr_block_network_border_group": "",
            "ipv6_ipam_pool_id": "",
            "ipv6_netmask_length": 0,
            "main_route_table_id": "rtb-0aa6b554fc9cad901",
            "owner_id": "315468868369",
            "tags": {
              "name": "TerraformVPc",
              "owner": "harsh"
            },
            "tags_all": {
              "name": "TerraformVPc",
              "owner": "harsh"
            }
          },
          "sensitive_attributes": [],
          "private": "eyJzY2hlbWFfdmVyc2lvbiI6IjEifQ=="
        }
      ]
    }
  ],
  "check_results": null
}
