{
  "version": 4,
  "terraform_version": "1.9.5",
  "serial": 2,
  "lineage": "c9eaedfc-9ae8-f654-65a2-03fcdec9daa1",
  "outputs": {
    "vpcid": {
      "value": "vpc-00818e207555b0652",
      "type": "string"
    }
  },
  "resources": [
    {
      "mode": "managed",
      "type": "aws_vpc",
      "name": "terravpc",
      "provider": "provider[\"registry.terraform.io/hashicorp/aws\"]",
      "instances": [
        {
          "schema_version": 1,
          "attributes": {
            "arn": "arn:aws:ec2:eu-north-1:315468868369:vpc/vpc-00818e207555b0652",
            "assign_generated_ipv6_cidr_block": false,
            "cidr_block": "10.0.0.0/16",
            "default_network_acl_id": "acl-0bdaedabcdfbb0a7f",
            "default_route_table_id": "rtb-08d068315764a56cd",
            "default_security_group_id": "sg-00a093e7bef103494",
            "dhcp_options_id": "dopt-0de964115eaabdcf9",
            "enable_dns_hostnames": false,
            "enable_dns_support": true,
            "enable_network_address_usage_metrics": false,
            "id": "vpc-00818e207555b0652",
            "instance_tenancy": "default",
            "ipv4_ipam_pool_id": null,
            "ipv4_netmask_length": null,
            "ipv6_association_id": "",
            "ipv6_cidr_block": "",
            "ipv6_cidr_block_network_border_group": "",
            "ipv6_ipam_pool_id": "",
            "ipv6_netmask_length": 0,
            "main_route_table_id": "rtb-08d068315764a56cd",
            "owner_id": "315468868369",
            "tags": {
              "name": "harsh",
              "owner": "HP"
            },
            "tags_all": {
              "name": "harsh",
              "owner": "HP"
            }
          },
          "sensitive_attributes": [],
          "private": "eyJzY2hlbWFfdmVyc2lvbiI6IjEifQ=="
        }
      ]
    }
  ],
  "check_results": null
}
